<?xml version="1.0" encoding="utf-8"?>
<Project ToolsVersion="4.0" xmlns="http://schemas.microsoft.com/developer/msbuild/2003">
  <ItemGroup>
    <Filter Include="Evil">
      <UniqueIdentifier>{95E9847C-8120-860D-2A0D-6C101623020F}</UniqueIdentifier>
    </Filter>
    <Filter Include="Evil\Events">
      <UniqueIdentifier>{D95B8BF8-4511-04EE-CE05-FEC43ABAFAF1}</UniqueIdentifier>
    </Filter>
    <Filter Include="Evil\Platform">
      <UniqueIdentifier>{89BDEF64-F57D-6B9B-BEB8-B4182A38B077}</UniqueIdentifier>
    </Filter>
    <Filter Include="Evil\Platform\Windows">
      <UniqueIdentifier>{C3E002A0-2F4D-BE9A-F840-56F8646CE002}</UniqueIdentifier>
    </Filter>
  </ItemGroup>
  <ItemGroup>
    <ClInclude Include="src\Evil.h" />
    <ClInclude Include="src\Evil\Application.h">
      <Filter>Evil</Filter>
    </ClInclude>
    <ClInclude Include="src\Evil\Core.h">
      <Filter>Evil</Filter>
    </ClInclude>
    <ClInclude Include="src\Evil\EntryPoint.h">
      <Filter>Evil</Filter>
    </ClInclude>
    <ClInclude Include="src\Evil\Events\ApplicationEvent.h">
      <Filter>Evil\Events</Filter>
    </ClInclude>
    <ClInclude Include="src\Evil\Events\Event.h">
      <Filter>Evil\Events</Filter>
    </ClInclude>
    <ClInclude Include="src\Evil\Events\KeyEvent.h">
      <Filter>Evil\Events</Filter>
    </ClInclude>
    <ClInclude Include="src\Evil\Events\MouseEvent.h">
      <Filter>Evil\Events</Filter>
    </ClInclude>
    <ClInclude Include="src\Evil\Log.h">
      <Filter>Evil</Filter>
    </ClInclude>
    <ClInclude Include="src\Evil\Platform\Windows\WindowsWindow.h">
      <Filter>Evil\Platform\Windows</Filter>
    </ClInclude>
    <ClInclude Include="src\Evil\Window.h">
      <Filter>Evil</Filter>
    </ClInclude>
    <ClInclude Include="src\evilpch.h" />
  </ItemGroup>
  <ItemGroup>
    <ClCompile Include="src\Evil\Application.cpp">
      <Filter>Evil</Filter>
    </ClCompile>
    <ClCompile Include="src\Evil\Log.cpp">
      <Filter>Evil</Filter>
    </ClCompile>
    <ClCompile Include="src\Evil\Platform\Windows\WindowsWindow.cpp">
      <Filter>Evil\Platform\Windows</Filter>
    </ClCompile>
    <ClCompile Include="src\evilpch.cpp" />
  </ItemGroup>
</Project>